
Microsoft Visual Studio Solution File, Format Version 12.00
# Visual Studio 15
VisualStudioVersion = 15.0.28307.1231
MinimumVisualStudioVersion = 10.0.40219.1
Project("{FAE04EC0-301F-11D3-BF4B-00C04F79EFBC}") = "DBService", "DBService\DBService.csproj", "{E0C5A75B-2C6D-4169-8CEB-01E37A4ABF43}"
EndProject
Project("{FAE04EC0-301F-11D3-BF4B-00C04F79EFBC}") = "PMInterface", "SMInterface\PMInterface.csproj", "{67F875B7-C5DE-4C19-A057-B1A17D39D049}"
	ProjectSection(ProjectDependencies) = postProject
		{E0C5A75B-2C6D-4169-8CEB-01E37A4ABF43} = {E0C5A75B-2C6D-4169-8CEB-01E37A4ABF43}
	EndProjectSection
EndProject
Global
	GlobalSection(SolutionConfigurationPlatforms) = preSolution
		Debug|Any CPU = Debug|Any CPU
		Release|Any CPU = Release|Any CPU
	EndGlobalSection
	GlobalSection(ProjectConfigurationPlatforms) = postSolution
		{E0C5A75B-2C6D-4169-8CEB-01E37A4ABF43}.Debug|Any CPU.ActiveCfg = Debug|Any CPU
		{E0C5A75B-2C6D-4169-8CEB-01E37A4ABF43}.Debug|Any CPU.Build.0 = Debug|Any CPU
		{E0C5A75B-2C6D-4169-8CEB-01E37A4ABF43}.Release|Any CPU.ActiveCfg = Release|Any CPU
		{E0C5A75B-2C6D-4169-8CEB-01E37A4ABF43}.Release|Any CPU.Build.0 = Release|Any CPU
		{67F875B7-C5DE-4C19-A057-B1A17D39D049}.Debug|Any CPU.ActiveCfg = Debug|Any CPU
		{67F875B7-C5DE-4C19-A057-B1A17D39D049}.Debug|Any CPU.Build.0 = Debug|Any CPU
		{67F875B7-C5DE-4C19-A057-B1A17D39D049}.Release|Any CPU.ActiveCfg = Release|Any CPU
		{67F875B7-C5DE-4C19-A057-B1A17D39D049}.Release|Any CPU.Build.0 = Release|Any CPU
	EndGlobalSection
	GlobalSection(SolutionProperties) = preSolution
		HideSolutionNode = FALSE
	EndGlobalSection
	GlobalSection(ExtensibilityGlobals) = postSolution
		SolutionGuid = {82D0F4DF-2B37-40F3-A7B7-45D4034C1A96}
	EndGlobalSection
EndGlobal
